
Microsoft Visual Studio Solution File, Format Version 12.00
# Visual Studio 15
VisualStudioVersion = 15.0.28010.2048
MinimumVisualStudioVersion = 10.0.40219.1
Project("{FAE04EC0-301F-11D3-BF4B-00C04F79EFBC}") = "ChapterOne.UnitTests", "ChapterOne.UnitTests\ChapterOne.UnitTests.csproj", "{1DE8FCFD-ACEF-425F-A413-D1F14F8C1374}"
EndProject
Project("{FAE04EC0-301F-11D3-BF4B-00C04F79EFBC}") = "ChapterOneExample.Utilities", "ChapterOneExample.Utilities\ChapterOneExample.Utilities.csproj", "{9E08DCB9-F8AB-4977-8120-551CCD5046E4}"
EndProject
Global
	GlobalSection(SolutionConfigurationPlatforms) = preSolution
		Debug|Any CPU = Debug|Any CPU
		Release|Any CPU = Release|Any CPU
	EndGlobalSection
	GlobalSection(ProjectConfigurationPlatforms) = postSolution
		{1DE8FCFD-ACEF-425F-A413-D1F14F8C1374}.Debug|Any CPU.ActiveCfg = Debug|Any CPU
		{1DE8FCFD-ACEF-425F-A413-D1F14F8C1374}.Debug|Any CPU.Build.0 = Debug|Any CPU
		{1DE8FCFD-ACEF-425F-A413-D1F14F8C1374}.Release|Any CPU.ActiveCfg = Release|Any CPU
		{1DE8FCFD-ACEF-425F-A413-D1F14F8C1374}.Release|Any CPU.Build.0 = Release|Any CPU
		{9E08DCB9-F8AB-4977-8120-551CCD5046E4}.Debug|Any CPU.ActiveCfg = Debug|Any CPU
		{9E08DCB9-F8AB-4977-8120-551CCD5046E4}.Debug|Any CPU.Build.0 = Debug|Any CPU
		{9E08DCB9-F8AB-4977-8120-551CCD5046E4}.Release|Any CPU.ActiveCfg = Release|Any CPU
		{9E08DCB9-F8AB-4977-8120-551CCD5046E4}.Release|Any CPU.Build.0 = Release|Any CPU
	EndGlobalSection
	GlobalSection(SolutionProperties) = preSolution
		HideSolutionNode = FALSE
	EndGlobalSection
	GlobalSection(ExtensibilityGlobals) = postSolution
		SolutionGuid = {64A7177E-6BC9-4B9A-942F-FDA5162A3F1D}
	EndGlobalSection
EndGlobal
